{
  "name": "fdobrotv.com",
  "version": "0.1.0",
  "lockfileVersion": 1,
  "requires": true,
  "dependencies": {
    "@babel/runtime": {
      "version": "7.9.6",
      "resolved": "https://registry.npmjs.org/@babel/runtime/-/runtime-7.9.6.tgz",
      "integrity": "sha512-64AF1xY3OAkFHqOb9s4jpgk1Mm5vDZ4L3acHvAml+53nO1XbXLuDodsVpO4OIUsmemlUHMxNdYMNJmsvOwLrvQ==",
      "requires": {
        "regenerator-runtime": "^0.13.4"
      }
    },
    "@emotion/hash": {
      "version": "0.8.0",
      "resolved": "https://registry.npmjs.org/@emotion/hash/-/hash-0.8.0.tgz",
      "integrity": "sha512-kBJtf7PH6aWwZ6fka3zQ0p6SBYzx4fl1LoZXE2RrnYST9Xljm7WfKJrU4g/Xr3Beg72MLrp1AWNUmuYJTL7Cow=="
    },
    "@material-ui/core": {
      "version": "4.10.0",
      "resolved": "https://registry.npmjs.org/@material-ui/core/-/core-4.10.0.tgz",
      "integrity": "sha512-yVlHe4b8AaoiTHhCOZeszHZ+T2iHU5DncdMGeNcQaaaO+q/Qrq0hxP3iFzTbgjRWnWwftEVQL668GRxcPJVRaQ==",
      "requires": {
        "@babel/runtime": "^7.4.4",
        "@material-ui/styles": "^4.10.0",
        "@material-ui/system": "^4.9.14",
        "@material-ui/types": "^5.1.0",
        "@material-ui/utils": "^4.9.12",
        "@types/react-transition-group": "^4.2.0",
        "clsx": "^1.0.4",
        "hoist-non-react-statics": "^3.3.2",
        "popper.js": "^1.16.1-lts",
        "prop-types": "^15.7.2",
        "react-is": "^16.8.0",
        "react-transition-group": "^4.4.0"
      }
    },
    "@material-ui/icons": {
      "version": "4.9.1",
      "resolved": "https://registry.npmjs.org/@material-ui/icons/-/icons-4.9.1.tgz",
      "integrity": "sha512-GBitL3oBWO0hzBhvA9KxqcowRUsA0qzwKkURyC8nppnC3fw54KPKZ+d4V1Eeg/UnDRSzDaI9nGCdel/eh9AQMg==",
      "requires": {
        "@babel/runtime": "^7.4.4"
      }
    },
    "@material-ui/styles": {
      "version": "4.10.0",
      "resolved": "https://registry.npmjs.org/@material-ui/styles/-/styles-4.10.0.tgz",
      "integrity": "sha512-XPwiVTpd3rlnbfrgtEJ1eJJdFCXZkHxy8TrdieaTvwxNYj42VnnCyFzxYeNW9Lhj4V1oD8YtQ6S5Gie7bZDf7Q==",
      "requires": {
        "@babel/runtime": "^7.4.4",
        "@emotion/hash": "^0.8.0",
        "@material-ui/types": "^5.1.0",
        "@material-ui/utils": "^4.9.6",
        "clsx": "^1.0.4",
        "csstype": "^2.5.2",
        "hoist-non-react-statics": "^3.3.2",
        "jss": "^10.0.3",
        "jss-plugin-camel-case": "^10.0.3",
        "jss-plugin-default-unit": "^10.0.3",
        "jss-plugin-global": "^10.0.3",
        "jss-plugin-nested": "^10.0.3",
        "jss-plugin-props-sort": "^10.0.3",
        "jss-plugin-rule-value-function": "^10.0.3",
        "jss-plugin-vendor-prefixer": "^10.0.3",
        "prop-types": "^15.7.2"
      }
    },
    "@material-ui/system": {
      "version": "4.9.14",
      "resolved": "https://registry.npmjs.org/@material-ui/system/-/system-4.9.14.tgz",
      "integrity": "sha512-oQbaqfSnNlEkXEziDcJDDIy8pbvwUmZXWNqlmIwDqr/ZdCK8FuV3f4nxikUh7hvClKV2gnQ9djh5CZFTHkZj3w==",
      "requires": {
        "@babel/runtime": "^7.4.4",
        "@material-ui/utils": "^4.9.6",
        "csstype": "^2.5.2",
        "prop-types": "^15.7.2"
      }
    },
    "@material-ui/types": {
      "version": "5.1.0",
      "resolved": "https://registry.npmjs.org/@material-ui/types/-/types-5.1.0.tgz",
      "integrity": "sha512-7cqRjrY50b8QzRSYyhSpx4WRw2YuO0KKIGQEVk5J8uoz2BanawykgZGoWEqKm7pVIbzFDN0SpPcVV4IhOFkl8A=="
    },
    "@material-ui/utils": {
      "version": "4.9.12",
      "resolved": "https://registry.npmjs.org/@material-ui/utils/-/utils-4.9.12.tgz",
      "integrity": "sha512-/0rgZPEOcZq5CFA4+4n6Q6zk7fi8skHhH2Bcra8R3epoJEYy5PL55LuMazPtPH1oKeRausDV/Omz4BbgFsn1HQ==",
      "requires": {
        "@babel/runtime": "^7.4.4",
        "prop-types": "^15.7.2",
        "react-is": "^16.8.0"
      }
    },
    "@next/env": {
      "version": "13.0.4",
      "resolved": "https://registry.npmjs.org/@next/env/-/env-13.0.4.tgz",
      "integrity": "sha512-N5Z3bdxBzoxrC5bwykDFITzdWuwDteOdZ+7nxixY+I1XpRX8/iQYbw2wuXMdqdfBGm2NNUpAqg8YF2e4oAC2UQ=="
    },
    "@next/swc-android-arm-eabi": {
      "version": "13.0.4",
      "resolved": "https://registry.npmjs.org/@next/swc-android-arm-eabi/-/swc-android-arm-eabi-13.0.4.tgz",
      "integrity": "sha512-SD9H+/zuV3L0oHIhsDdFkDqFtg6pIHtqRUPlsrNdOsmWXgMlSzxBmwt2ta4kyrazS62BQu7XRUG++ZyODS7AWg==",
      "optional": true
    },
    "@next/swc-android-arm64": {
      "version": "13.0.4",
      "resolved": "https://registry.npmjs.org/@next/swc-android-arm64/-/swc-android-arm64-13.0.4.tgz",
      "integrity": "sha512-F8W5WcBbdn/zBoy32/mQiefs9DNsT12CTSSVCsO8GvQR7GjJU+uduQ4drKcSDoDLuAFULc2jDN06Circq4vuQg==",
      "optional": true
    },
    "@next/swc-darwin-arm64": {
      "version": "13.0.4",
      "resolved": "https://registry.npmjs.org/@next/swc-darwin-arm64/-/swc-darwin-arm64-13.0.4.tgz",
      "integrity": "sha512-/lajev+9GSie+rRTl5z8skW9RJwZ+TwMKLzzM24TbDk8lUjqPTyJZ/cU0NDj8J7VQAZ6EehACSh9rcJeBRtLuA==",
      "optional": true
    },
    "@next/swc-darwin-x64": {
      "version": "13.0.4",
      "resolved": "https://registry.npmjs.org/@next/swc-darwin-x64/-/swc-darwin-x64-13.0.4.tgz",
      "integrity": "sha512-HK4b2rFiju8d40GTL/jH9U6OQ7BYA2MeEHs7Dm7Rp7kwQtLzP3z6osdQS8er20tIFHDE4b+oVBy03ZUQkHf0Pg==",
      "optional": true
    },
    "@next/swc-freebsd-x64": {
      "version": "13.0.4",
      "resolved": "https://registry.npmjs.org/@next/swc-freebsd-x64/-/swc-freebsd-x64-13.0.4.tgz",
      "integrity": "sha512-xBvIGLaGzZtgJfRRJ2DBN82DQCJ/O7jkXyBp8X/vHefPWyVXVqF6C68Rv8ADp11thPpf8WpjkvDDLb9AuWHQUA==",
      "optional": true
    },
    "@next/swc-linux-arm-gnueabihf": {
      "version": "13.0.4",
      "resolved": "https://registry.npmjs.org/@next/swc-linux-arm-gnueabihf/-/swc-linux-arm-gnueabihf-13.0.4.tgz",
      "integrity": "sha512-s13pxNp9deKmmxEGTp1MoL1e4nf4wbEymEaHgFxUlhoR1OD9tK8oTNrQphQePJgVjzcWmRGH/dX7O9mVkHbU/g==",
      "optional": true
    },
    "@next/swc-linux-arm64-gnu": {
      "version": "13.0.4",
      "resolved": "https://registry.npmjs.org/@next/swc-linux-arm64-gnu/-/swc-linux-arm64-gnu-13.0.4.tgz",
      "integrity": "sha512-Lklo65usNzoYwjX51CpDKOepWVZBdwO49/Jz3djxiYUr2lRtpDVnlfwCvzN+47j3BMVMWtC2ndIi8Q4s3J0v4g==",
      "optional": true
    },
    "@next/swc-linux-arm64-musl": {
      "version": "13.0.4",
      "resolved": "https://registry.npmjs.org/@next/swc-linux-arm64-musl/-/swc-linux-arm64-musl-13.0.4.tgz",
      "integrity": "sha512-+3BXtXBwjVhd5lahDe5nKZ7EwD6hE/oLFQkITCvgxymU5qYHGlLFyF52/lyw8qhyxoCr7mMVsUFhlCzVwCfNjg==",
      "optional": true
    },
    "@next/swc-linux-x64-gnu": {
      "version": "13.0.4",
      "resolved": "https://registry.npmjs.org/@next/swc-linux-x64-gnu/-/swc-linux-x64-gnu-13.0.4.tgz",
      "integrity": "sha512-QB8qoZrvHhZsz62nUrTKlp5IiZ8I7KZsaa6437H/W/NOZHLGJjCxROnhUjLvKVe/T5P86pjya2SUOUqWAjz4Pg==",
      "optional": true
    },
    "@next/swc-linux-x64-musl": {
      "version": "13.0.4",
      "resolved": "https://registry.npmjs.org/@next/swc-linux-x64-musl/-/swc-linux-x64-musl-13.0.4.tgz",
      "integrity": "sha512-WaahF6DYUQRg1QqIMcuOu2ZsFhS3aC5iWeQyeptMHklP9wb4FfTNmBArKHknX/GXD8P9gI38WTAHJ25cc0zVwg==",
      "optional": true
    },
    "@next/swc-win32-arm64-msvc": {
      "version": "13.0.4",
      "resolved": "https://registry.npmjs.org/@next/swc-win32-arm64-msvc/-/swc-win32-arm64-msvc-13.0.4.tgz",
      "integrity": "sha512-FD+k1j2jeY0aKcqcpzFKfTsv55PPmIZ5GKDyPjjV5AO6XvQ4nALwWl4JwizjH2426TfLXObb+C3MH0bl9Ok1Kw==",
      "optional": true
    },
    "@next/swc-win32-ia32-msvc": {
      "version": "13.0.4",
      "resolved": "https://registry.npmjs.org/@next/swc-win32-ia32-msvc/-/swc-win32-ia32-msvc-13.0.4.tgz",
      "integrity": "sha512-+Q/Q8Ydvz3X3U84CyZdNv1HC7fE43k+xB8C6b3IFmWGa5Tu2tfskQ2FsUNBrYreZjhFC/894J3rVQ6Vj6Auugg==",
      "optional": true
    },
    "@next/swc-win32-x64-msvc": {
      "version": "13.0.4",
      "resolved": "https://registry.npmjs.org/@next/swc-win32-x64-msvc/-/swc-win32-x64-msvc-13.0.4.tgz",
      "integrity": "sha512-vXtbo9N1FdtZZRcv4BliU28tTYrkb1EnVpUiiFFe88I6kS9aZVTMY9Z/OtDR52rl1JF1hgs9sL/59D/TQqSATQ==",
      "optional": true
    },
    "@popperjs/core": {
      "version": "2.4.0",
      "resolved": "https://registry.npmjs.org/@popperjs/core/-/core-2.4.0.tgz",
      "integrity": "sha512-NMrDy6EWh9TPdSRiHmHH2ye1v5U0gBD7pRYwSwJvomx7Bm4GG04vu63dYiVzebLOx2obPpJugew06xVP0Nk7hA=="
    },
    "@swc/helpers": {
      "version": "0.4.11",
      "resolved": "https://registry.npmjs.org/@swc/helpers/-/helpers-0.4.11.tgz",
      "integrity": "sha512-rEUrBSGIoSFuYxwBYtlUFMlE2CwGhmW+w9355/5oduSw8e5h2+Tj4UrAGNNgP9915++wj5vkQo0UuOBqOAq4nw==",
      "requires": {
        "tslib": "^2.4.0"
      }
    },
    "@types/prop-types": {
      "version": "15.7.3",
      "resolved": "https://registry.npmjs.org/@types/prop-types/-/prop-types-15.7.3.tgz",
      "integrity": "sha512-KfRL3PuHmqQLOG+2tGpRO26Ctg+Cq1E01D2DMriKEATHgWLfeNDmq9e29Q9WIky0dQ3NPkd1mzYH8Lm936Z9qw=="
    },
    "@types/react": {
      "version": "16.9.35",
      "resolved": "https://registry.npmjs.org/@types/react/-/react-16.9.35.tgz",
      "integrity": "sha512-q0n0SsWcGc8nDqH2GJfWQWUOmZSJhXV64CjVN5SvcNti3TdEaA3AH0D8DwNmMdzjMAC/78tB8nAZIlV8yTz+zQ==",
      "requires": {
        "@types/prop-types": "*",
        "csstype": "^2.2.0"
      }
    },
    "@types/react-transition-group": {
      "version": "4.4.0",
      "resolved": "https://registry.npmjs.org/@types/react-transition-group/-/react-transition-group-4.4.0.tgz",
      "integrity": "sha512-/QfLHGpu+2fQOqQaXh8MG9q03bFENooTb/it4jr5kKaZlDQfWvjqWZg48AwzPVMBHlRuTRAY7hRHCEOXz5kV6w==",
      "requires": {
        "@types/react": "*"
      }
    },
    "airbnb-prop-types": {
      "version": "2.15.0",
      "resolved": "https://registry.npmjs.org/airbnb-prop-types/-/airbnb-prop-types-2.15.0.tgz",
      "integrity": "sha512-jUh2/hfKsRjNFC4XONQrxo/n/3GG4Tn6Hl0WlFQN5PY9OMC9loSCoAYKnZsWaP8wEfd5xcrPloK0Zg6iS1xwVA==",
      "requires": {
        "array.prototype.find": "^2.1.0",
        "function.prototype.name": "^1.1.1",
        "has": "^1.0.3",
        "is-regex": "^1.0.4",
        "object-is": "^1.0.1",
        "object.assign": "^4.1.0",
        "object.entries": "^1.1.0",
        "prop-types": "^15.7.2",
        "prop-types-exact": "^1.2.0",
        "react-is": "^16.9.0"
      }
    },
    "array.prototype.find": {
      "version": "2.1.1",
      "resolved": "https://registry.npmjs.org/array.prototype.find/-/array.prototype.find-2.1.1.tgz",
      "integrity": "sha512-mi+MYNJYLTx2eNYy+Yh6raoQacCsNeeMUaspFPh9Y141lFSsWxxB8V9mM2ye+eqiRs917J6/pJ4M9ZPzenWckA==",
      "requires": {
        "define-properties": "^1.1.3",
        "es-abstract": "^1.17.4"
      }
    },
    "asap": {
      "version": "2.0.6",
      "resolved": "https://registry.npmjs.org/asap/-/asap-2.0.6.tgz",
      "integrity": "sha1-5QNHYR1+aQlDIIu9r+vLwvuGbUY="
    },
    "auto-bind": {
      "version": "2.1.1",
      "resolved": "https://registry.npmjs.org/auto-bind/-/auto-bind-2.1.1.tgz",
      "integrity": "sha512-NUwV1i9D3vxxY1KnfZgSZ716d6ovY7o8LfOwLhGIPFBowIb6Ln6DBW64+jCqPzUznel2hRSkQnYQqvh7/ldw8A==",
      "requires": {
        "@types/react": "^16.8.12"
      }
    },
    "caniuse-lite": {
      "version": "1.0.30001434",
      "resolved": "https://registry.npmjs.org/caniuse-lite/-/caniuse-lite-1.0.30001434.tgz",
      "integrity": "sha512-aOBHrLmTQw//WFa2rcF1If9fa3ypkC1wzqqiKHgfdrXTWcU8C4gKVZT77eQAPWN1APys3+uQ0Df07rKauXGEYA=="
    },
    "change-emitter": {
      "version": "0.1.6",
      "resolved": "https://registry.npmjs.org/change-emitter/-/change-emitter-0.1.6.tgz",
      "integrity": "sha1-6LL+PX8at9aaMhma/5HqaTFAlRU="
    },
    "client-only": {
      "version": "0.0.1",
      "resolved": "https://registry.npmjs.org/client-only/-/client-only-0.0.1.tgz",
      "integrity": "sha512-IV3Ou0jSMzZrd3pZ48nLkT9DA7Ag1pnPzaiQhpW7c3RbcqqzvzzVu+L8gfqMp/8IM2MQtSiqaCxrrcfu8I8rMA=="
    },
    "clsx": {
      "version": "1.1.0",
      "resolved": "https://registry.npmjs.org/clsx/-/clsx-1.1.0.tgz",
      "integrity": "sha512-3avwM37fSK5oP6M5rQ9CNe99lwxhXDOeSWVPAOYF6OazUTgZCMb0yWlJpmdD74REy1gkEaFiub2ULv4fq9GUhA=="
    },
    "core-js": {
      "version": "1.2.7",
      "resolved": "https://registry.npmjs.org/core-js/-/core-js-1.2.7.tgz",
      "integrity": "sha1-ZSKUwUZR2yj6k70tX/KYOk8IxjY="
    },
    "create-react-class": {
      "version": "15.6.3",
      "resolved": "https://registry.npmjs.org/create-react-class/-/create-react-class-15.6.3.tgz",
      "integrity": "sha512-M+/3Q6E6DLO6Yx3OwrWjwHBnvfXXYA7W+dFjt/ZDBemHO1DDZhsalX/NUtnTYclN6GfnBDRh4qRHjcDHmlJBJg==",
      "requires": {
        "fbjs": "^0.8.9",
        "loose-envify": "^1.3.1",
        "object-assign": "^4.1.1"
      }
    },
    "css-vendor": {
      "version": "2.0.8",
      "resolved": "https://registry.npmjs.org/css-vendor/-/css-vendor-2.0.8.tgz",
      "integrity": "sha512-x9Aq0XTInxrkuFeHKbYC7zWY8ai7qJ04Kxd9MnvbC1uO5DagxoHQjm4JvG+vCdXOoFtCjbL2XSZfxmoYa9uQVQ==",
      "requires": {
        "@babel/runtime": "^7.8.3",
        "is-in-browser": "^1.0.2"
      }
    },
    "csstype": {
      "version": "2.6.10",
      "resolved": "https://registry.npmjs.org/csstype/-/csstype-2.6.10.tgz",
      "integrity": "sha512-D34BqZU4cIlMCY93rZHbrq9pjTAQJ3U8S8rfBqjwHxkGPThWFjzZDQpgMJY0QViLxth6ZKYiwFBo14RdN44U/w=="
    },
    "d3-array": {
      "version": "2.4.0",
      "resolved": "https://registry.npmjs.org/d3-array/-/d3-array-2.4.0.tgz",
      "integrity": "sha512-KQ41bAF2BMakf/HdKT865ALd4cgND6VcIztVQZUTt0+BH3RWy6ZYnHghVXf6NFjt2ritLr8H1T8LreAAlfiNcw=="
    },
    "d3-cloud": {
      "version": "1.2.5",
      "resolved": "https://registry.npmjs.org/d3-cloud/-/d3-cloud-1.2.5.tgz",
      "integrity": "sha512-4s2hXZgvs0CoUIw31oBAGrHt9Kt/7P9Ik5HIVzISFiWkD0Ga2VLAuO/emO/z1tYIpE7KG2smB4PhMPfFMJpahw==",
      "requires": {
        "d3-dispatch": "^1.0.3"
      }
    },
    "d3-collection": {
      "version": "1.0.7",
      "resolved": "https://registry.npmjs.org/d3-collection/-/d3-collection-1.0.7.tgz",
      "integrity": "sha512-ii0/r5f4sjKNTfh84Di+DpztYwqKhEyUlKoPrzUFfeSkWxjW49xU2QzO9qrPrNkpdI0XJkfzvmTu8V2Zylln6A=="
    },
    "d3-color": {
      "version": "1.4.1",
      "resolved": "https://registry.npmjs.org/d3-color/-/d3-color-1.4.1.tgz",
      "integrity": "sha512-p2sTHSLCJI2QKunbGb7ocOh7DgTAn8IrLx21QRc/BSnodXM4sv6aLQlnfpvehFMLZEfBc6g9pH9SWQccFYfJ9Q=="
    },
    "d3-dispatch": {
      "version": "1.0.6",
      "resolved": "https://registry.npmjs.org/d3-dispatch/-/d3-dispatch-1.0.6.tgz",
      "integrity": "sha512-fVjoElzjhCEy+Hbn8KygnmMS7Or0a9sI2UzGwoB7cCtvI1XpVN9GpoYlnb3xt2YV66oXYb1fLJ8GMvP4hdU1RA=="
    },
    "d3-ease": {
      "version": "1.0.6",
      "resolved": "https://registry.npmjs.org/d3-ease/-/d3-ease-1.0.6.tgz",
      "integrity": "sha512-SZ/lVU7LRXafqp7XtIcBdxnWl8yyLpgOmzAk0mWBI9gXNzLDx5ybZgnRbH9dN/yY5tzVBqCQ9avltSnqVwessQ=="
    },
    "d3-format": {
      "version": "1.4.4",
      "resolved": "https://registry.npmjs.org/d3-format/-/d3-format-1.4.4.tgz",
      "integrity": "sha512-TWks25e7t8/cqctxCmxpUuzZN11QxIA7YrMbram94zMQ0PXjE4LVIMe/f6a4+xxL8HQ3OsAFULOINQi1pE62Aw=="
    },
    "d3-interpolate": {
      "version": "1.4.0",
      "resolved": "https://registry.npmjs.org/d3-interpolate/-/d3-interpolate-1.4.0.tgz",
      "integrity": "sha512-V9znK0zc3jOPV4VD2zZn0sDhZU3WAE2bmlxdIwwQPPzPjvyLkd8B3JUVdS1IDUFDkWZ72c9qnv1GK2ZagTZ8EA==",
      "requires": {
        "d3-color": "1"
      }
    },
    "d3-scale": {
      "version": "3.2.1",
      "resolved": "https://registry.npmjs.org/d3-scale/-/d3-scale-3.2.1.tgz",
      "integrity": "sha512-huz5byJO/6MPpz6Q8d4lg7GgSpTjIZW/l+1MQkzKfu2u8P6hjaXaStOpmyrD6ymKoW87d2QVFCKvSjLwjzx/rA==",
      "requires": {
        "d3-array": "1.2.0 - 2",
        "d3-format": "1",
        "d3-interpolate": "^1.2.0",
        "d3-time": "1",
        "d3-time-format": "2"
      }
    },
    "d3-scale-chromatic": {
      "version": "1.5.0",
      "resolved": "https://registry.npmjs.org/d3-scale-chromatic/-/d3-scale-chromatic-1.5.0.tgz",
      "integrity": "sha512-ACcL46DYImpRFMBcpk9HhtIyC7bTBR4fNOPxwVSl0LfulDAwyiHyPOTqcDG1+t5d4P9W7t/2NAuWu59aKko/cg==",
      "requires": {
        "d3-color": "1",
        "d3-interpolate": "1"
      }
    },
    "d3-selection": {
      "version": "1.4.1",
      "resolved": "https://registry.npmjs.org/d3-selection/-/d3-selection-1.4.1.tgz",
      "integrity": "sha512-BTIbRjv/m5rcVTfBs4AMBLKs4x8XaaLkwm28KWu9S2vKNqXkXt2AH2Qf0sdPZHjFxcWg/YL53zcqAz+3g4/7PA=="
    },
    "d3-time": {
      "version": "1.1.0",
      "resolved": "https://registry.npmjs.org/d3-time/-/d3-time-1.1.0.tgz",
      "integrity": "sha512-Xh0isrZ5rPYYdqhAVk8VLnMEidhz5aP7htAADH6MfzgmmicPkTo8LhkLxci61/lCB7n7UmE3bN0leRt+qvkLxA=="
    },
    "d3-time-format": {
      "version": "2.2.3",
      "resolved": "https://registry.npmjs.org/d3-time-format/-/d3-time-format-2.2.3.tgz",
      "integrity": "sha512-RAHNnD8+XvC4Zc4d2A56Uw0yJoM7bsvOlJR33bclxq399Rak/b9bhvu/InjxdWhPtkgU53JJcleJTGkNRnN6IA==",
      "requires": {
        "d3-time": "1"
      }
    },
    "d3-timer": {
      "version": "1.0.10",
      "resolved": "https://registry.npmjs.org/d3-timer/-/d3-timer-1.0.10.tgz",
      "integrity": "sha512-B1JDm0XDaQC+uvo4DT79H0XmBskgS3l6Ve+1SBCfxgmtIb1AVrPIoqd+nPSv+loMX8szQ0sVUhGngL7D5QPiXw=="
    },
    "d3-transition": {
      "version": "1.3.2",
      "resolved": "https://registry.npmjs.org/d3-transition/-/d3-transition-1.3.2.tgz",
      "integrity": "sha512-sc0gRU4PFqZ47lPVHloMn9tlPcv8jxgOQg+0zjhfZXMQuvppjG6YuwdMBE0TuqCZjeJkLecku/l9R0JPcRhaDA==",
      "requires": {
        "d3-color": "1",
        "d3-dispatch": "1",
        "d3-ease": "1",
        "d3-interpolate": "1",
        "d3-selection": "^1.1.0",
        "d3-timer": "1"
      }
    },
    "define-properties": {
      "version": "1.1.3",
      "resolved": "https://registry.npmjs.org/define-properties/-/define-properties-1.1.3.tgz",
      "integrity": "sha512-3MqfYKj2lLzdMSf8ZIZE/V+Zuy+BgD6f164e8K2w7dgnpKArBDerGYpM46IYYcjnkdPNMjPk9A6VFB8+3SKlXQ==",
      "requires": {
        "object-keys": "^1.0.12"
      }
    },
    "dom-helpers": {
      "version": "5.1.4",
      "resolved": "https://registry.npmjs.org/dom-helpers/-/dom-helpers-5.1.4.tgz",
      "integrity": "sha512-TjMyeVUvNEnOnhzs6uAn9Ya47GmMo3qq7m+Lr/3ON0Rs5kHvb8I+SQYjLUSYn7qhEm0QjW0yrBkvz9yOrwwz1A==",
      "requires": {
        "@babel/runtime": "^7.8.7",
        "csstype": "^2.6.7"
      }
    },
    "encoding": {
      "version": "0.1.12",
      "resolved": "https://registry.npmjs.org/encoding/-/encoding-0.1.12.tgz",
      "integrity": "sha1-U4tm8+5izRq1HsMjgp0flIDHS+s=",
      "requires": {
        "iconv-lite": "~0.4.13"
      }
    },
    "enzyme-adapter-react-16": {
      "version": "1.15.2",
      "resolved": "https://registry.npmjs.org/enzyme-adapter-react-16/-/enzyme-adapter-react-16-1.15.2.tgz",
      "integrity": "sha512-SkvDrb8xU3lSxID8Qic9rB8pvevDbLybxPK6D/vW7PrT0s2Cl/zJYuXvsd1EBTz0q4o3iqG3FJhpYz3nUNpM2Q==",
      "requires": {
        "enzyme-adapter-utils": "^1.13.0",
        "enzyme-shallow-equal": "^1.0.1",
        "has": "^1.0.3",
        "object.assign": "^4.1.0",
        "object.values": "^1.1.1",
        "prop-types": "^15.7.2",
        "react-is": "^16.12.0",
        "react-test-renderer": "^16.0.0-0",
        "semver": "^5.7.0"
      }
    },
    "enzyme-adapter-utils": {
      "version": "1.13.0",
      "resolved": "https://registry.npmjs.org/enzyme-adapter-utils/-/enzyme-adapter-utils-1.13.0.tgz",
      "integrity": "sha512-YuEtfQp76Lj5TG1NvtP2eGJnFKogk/zT70fyYHXK2j3v6CtuHqc8YmgH/vaiBfL8K1SgVVbQXtTcgQZFwzTVyQ==",
      "requires": {
        "airbnb-prop-types": "^2.15.0",
        "function.prototype.name": "^1.1.2",
        "object.assign": "^4.1.0",
        "object.fromentries": "^2.0.2",
        "prop-types": "^15.7.2",
        "semver": "^5.7.1"
      }
    },
    "enzyme-shallow-equal": {
      "version": "1.0.1",
      "resolved": "https://registry.npmjs.org/enzyme-shallow-equal/-/enzyme-shallow-equal-1.0.1.tgz",
      "integrity": "sha512-hGA3i1so8OrYOZSM9whlkNmVHOicJpsjgTzC+wn2JMJXhq1oO4kA4bJ5MsfzSIcC71aLDKzJ6gZpIxrqt3QTAQ==",
      "requires": {
        "has": "^1.0.3",
        "object-is": "^1.0.2"
      }
    },
    "es-abstract": {
      "version": "1.17.5",
      "resolved": "https://registry.npmjs.org/es-abstract/-/es-abstract-1.17.5.tgz",
      "integrity": "sha512-BR9auzDbySxOcfog0tLECW8l28eRGpDpU3Dm3Hp4q/N+VtLTmyj4EUN088XZWQDW/hzj6sYRDXeOFsaAODKvpg==",
      "requires": {
        "es-to-primitive": "^1.2.1",
        "function-bind": "^1.1.1",
        "has": "^1.0.3",
        "has-symbols": "^1.0.1",
        "is-callable": "^1.1.5",
        "is-regex": "^1.0.5",
        "object-inspect": "^1.7.0",
        "object-keys": "^1.1.1",
        "object.assign": "^4.1.0",
        "string.prototype.trimleft": "^2.1.1",
        "string.prototype.trimright": "^2.1.1"
      }
    },
    "es-to-primitive": {
      "version": "1.2.1",
      "resolved": "https://registry.npmjs.org/es-to-primitive/-/es-to-primitive-1.2.1.tgz",
      "integrity": "sha512-QCOllgZJtaUo9miYBcLChTUaHNjJF3PYs1VidD7AwiEj1kYxKeQTctLAezAOH5ZKRH0g2IgPn6KwB4IT8iRpvA==",
      "requires": {
        "is-callable": "^1.1.4",
        "is-date-object": "^1.0.1",
        "is-symbol": "^1.0.2"
      }
    },
    "fbjs": {
      "version": "0.8.17",
      "resolved": "https://registry.npmjs.org/fbjs/-/fbjs-0.8.17.tgz",
      "integrity": "sha1-xNWY6taUkRJlPWWIsBpc3Nn5D90=",
      "requires": {
        "core-js": "^1.0.0",
        "isomorphic-fetch": "^2.1.1",
        "loose-envify": "^1.0.0",
        "object-assign": "^4.1.0",
        "promise": "^7.1.1",
        "setimmediate": "^1.0.5",
        "ua-parser-js": "^0.7.18"
      }
    },
    "function-bind": {
      "version": "1.1.1",
      "resolved": "https://registry.npmjs.org/function-bind/-/function-bind-1.1.1.tgz",
      "integrity": "sha512-yIovAzMX49sF8Yl58fSCWJ5svSLuaibPxXQJFLmBObTuCr0Mf1KiPopGM9NiFjiYBCbfaa2Fh6breQ6ANVTI0A=="
    },
    "function.prototype.name": {
      "version": "1.1.2",
      "resolved": "https://registry.npmjs.org/function.prototype.name/-/function.prototype.name-1.1.2.tgz",
      "integrity": "sha512-C8A+LlHBJjB2AdcRPorc5JvJ5VUoWlXdEHLOJdCI7kjHEtGTpHQUiqMvCIKUwIsGwZX2jZJy761AXsn356bJQg==",
      "requires": {
        "define-properties": "^1.1.3",
        "es-abstract": "^1.17.0-next.1",
        "functions-have-names": "^1.2.0"
      }
    },
    "functions-have-names": {
      "version": "1.2.1",
      "resolved": "https://registry.npmjs.org/functions-have-names/-/functions-have-names-1.2.1.tgz",
      "integrity": "sha512-j48B/ZI7VKs3sgeI2cZp7WXWmZXu7Iq5pl5/vptV5N2mq+DGFuS/ulaDjtaoLpYzuD6u8UgrUKHfgo7fDTSiBA=="
    },
    "has": {
      "version": "1.0.3",
      "resolved": "https://registry.npmjs.org/has/-/has-1.0.3.tgz",
      "integrity": "sha512-f2dvO0VU6Oej7RkWJGrehjbzMAjFp5/VKPp5tTpWIV4JHHZK1/BxbFRtf/siA2SWTe09caDmVtYYzWEIbBS4zw==",
      "requires": {
        "function-bind": "^1.1.1"
      }
    },
    "has-symbols": {
      "version": "1.0.1",
      "resolved": "https://registry.npmjs.org/has-symbols/-/has-symbols-1.0.1.tgz",
      "integrity": "sha512-PLcsoqu++dmEIZB+6totNFKq/7Do+Z0u4oT0zKOJNl3lYK6vGwwu2hjHs+68OEZbTjiUE9bgOABXbP/GvrS0Kg=="
    },
    "hoist-non-react-statics": {
      "version": "3.3.2",
      "resolved": "https://registry.npmjs.org/hoist-non-react-statics/-/hoist-non-react-statics-3.3.2.tgz",
      "integrity": "sha512-/gGivxi8JPKWNm/W0jSmzcMPpfpPLc3dY/6GxhX2hQ9iGj3aDfklV4ET7NjKpSinLpJ5vafa9iiGIEZg10SfBw==",
      "requires": {
        "react-is": "^16.7.0"
      }
    },
    "hyphenate-style-name": {
      "version": "1.0.3",
      "resolved": "https://registry.npmjs.org/hyphenate-style-name/-/hyphenate-style-name-1.0.3.tgz",
      "integrity": "sha512-EcuixamT82oplpoJ2XU4pDtKGWQ7b00CD9f1ug9IaQ3p1bkHMiKCZ9ut9QDI6qsa6cpUuB+A/I+zLtdNK4n2DQ=="
    },
    "iconv-lite": {
      "version": "0.4.24",
      "resolved": "https://registry.npmjs.org/iconv-lite/-/iconv-lite-0.4.24.tgz",
      "integrity": "sha512-v3MXnZAcvnywkTUEZomIActle7RXXeedOR31wwl7VlyoXO4Qi9arvSenNQWne1TcRwhCL1HwLI21bEqdpj8/rA==",
      "requires": {
        "safer-buffer": ">= 2.1.2 < 3"
      }
    },
    "is-callable": {
      "version": "1.1.5",
      "resolved": "https://registry.npmjs.org/is-callable/-/is-callable-1.1.5.tgz",
      "integrity": "sha512-ESKv5sMCJB2jnHTWZ3O5itG+O128Hsus4K4Qh1h2/cgn2vbgnLSVqfV46AeJA9D5EeeLa9w81KUXMtn34zhX+Q=="
    },
    "is-date-object": {
      "version": "1.0.2",
      "resolved": "https://registry.npmjs.org/is-date-object/-/is-date-object-1.0.2.tgz",
      "integrity": "sha512-USlDT524woQ08aoZFzh3/Z6ch9Y/EWXEHQ/AaRN0SkKq4t2Jw2R2339tSXmwuVoY7LLlBCbOIlx2myP/L5zk0g=="
    },
    "is-in-browser": {
      "version": "1.1.3",
      "resolved": "https://registry.npmjs.org/is-in-browser/-/is-in-browser-1.1.3.tgz",
      "integrity": "sha1-Vv9NtoOgeMYILrldrX3GLh0E+DU="
    },
    "is-regex": {
      "version": "1.0.5",
      "resolved": "https://registry.npmjs.org/is-regex/-/is-regex-1.0.5.tgz",
      "integrity": "sha512-vlKW17SNq44owv5AQR3Cq0bQPEb8+kF3UKZ2fiZNOWtztYE5i0CzCZxFDwO58qAOWtxdBRVO/V5Qin1wjCqFYQ==",
      "requires": {
        "has": "^1.0.3"
      }
    },
    "is-stream": {
      "version": "1.1.0",
      "resolved": "https://registry.npmjs.org/is-stream/-/is-stream-1.1.0.tgz",
      "integrity": "sha1-EtSj3U5o4Lec6428hBc66A2RykQ="
    },
    "is-symbol": {
      "version": "1.0.3",
      "resolved": "https://registry.npmjs.org/is-symbol/-/is-symbol-1.0.3.tgz",
      "integrity": "sha512-OwijhaRSgqvhm/0ZdAcXNZt9lYdKFpcRDT5ULUuYXPoT794UNOdU+gpT6Rzo7b4V2HUl/op6GqY894AZwv9faQ==",
      "requires": {
        "has-symbols": "^1.0.1"
      }
    },
    "isomorphic-fetch": {
      "version": "2.2.1",
      "resolved": "https://registry.npmjs.org/isomorphic-fetch/-/isomorphic-fetch-2.2.1.tgz",
      "integrity": "sha1-YRrhrPFPXoH3KVB0coGf6XM1WKk=",
      "requires": {
        "node-fetch": "^1.0.1",
        "whatwg-fetch": ">=0.10.0"
      },
      "dependencies": {
        "node-fetch": {
          "version": "1.7.3",
          "resolved": "https://registry.npmjs.org/node-fetch/-/node-fetch-1.7.3.tgz",
          "integrity": "sha512-NhZ4CsKx7cYm2vSrBAr2PvFOe6sWDf0UYLRqA6svUYg7+/TSfVAu49jYC4BvQ4Sms9SZgdqGBgroqfDhJdTyKQ==",
          "requires": {
            "encoding": "^0.1.11",
            "is-stream": "^1.0.1"
          }
        }
      }
    },
    "js-tokens": {
      "version": "4.0.0",
      "resolved": "https://registry.npmjs.org/js-tokens/-/js-tokens-4.0.0.tgz",
      "integrity": "sha512-RdJUflcE3cUzKiMqQgsCu06FPu9UdIJO0beYbPhHN4k6apgJtifcoCtT9bcxOpYBtpD2kCM6Sbzg4CausW/PKQ=="
    },
    "jss": {
      "version": "10.1.1",
      "resolved": "https://registry.npmjs.org/jss/-/jss-10.1.1.tgz",
      "integrity": "sha512-Xz3qgRUFlxbWk1czCZibUJqhVPObrZHxY3FPsjCXhDld4NOj1BgM14Ir5hVm+Qr6OLqVljjGvoMcCdXNOAbdkQ==",
      "requires": {
        "@babel/runtime": "^7.3.1",
        "csstype": "^2.6.5",
        "is-in-browser": "^1.1.3",
        "tiny-warning": "^1.0.2"
      }
    },
    "jss-plugin-camel-case": {
      "version": "10.1.1",
      "resolved": "https://registry.npmjs.org/jss-plugin-camel-case/-/jss-plugin-camel-case-10.1.1.tgz",
      "integrity": "sha512-MDIaw8FeD5uFz1seQBKz4pnvDLnj5vIKV5hXSVdMaAVq13xR6SVTVWkIV/keyTs5txxTvzGJ9hXoxgd1WTUlBw==",
      "requires": {
        "@babel/runtime": "^7.3.1",
        "hyphenate-style-name": "^1.0.3",
        "jss": "10.1.1"
      }
    },
    "jss-plugin-default-unit": {
      "version": "10.1.1",
      "resolved": "https://registry.npmjs.org/jss-plugin-default-unit/-/jss-plugin-default-unit-10.1.1.tgz",
      "integrity": "sha512-UkeVCA/b3QEA4k0nIKS4uWXDCNmV73WLHdh2oDGZZc3GsQtlOCuiH3EkB/qI60v2MiCq356/SYWsDXt21yjwdg==",
      "requires": {
        "@babel/runtime": "^7.3.1",
        "jss": "10.1.1"
      }
    },
    "jss-plugin-global": {
      "version": "10.1.1",
      "resolved": "https://registry.npmjs.org/jss-plugin-global/-/jss-plugin-global-10.1.1.tgz",
      "integrity": "sha512-VBG3wRyi3Z8S4kMhm8rZV6caYBegsk+QnQZSVmrWw6GVOT/Z4FA7eyMu5SdkorDlG/HVpHh91oFN56O4R9m2VA==",
      "requires": {
        "@babel/runtime": "^7.3.1",
        "jss": "10.1.1"
      }
    },
    "jss-plugin-nested": {
      "version": "10.1.1",
      "resolved": "https://registry.npmjs.org/jss-plugin-nested/-/jss-plugin-nested-10.1.1.tgz",
      "integrity": "sha512-ozEu7ZBSVrMYxSDplPX3H82XHNQk2DQEJ9TEyo7OVTPJ1hEieqjDFiOQOxXEj9z3PMqkylnUbvWIZRDKCFYw5Q==",
      "requires": {
        "@babel/runtime": "^7.3.1",
        "jss": "10.1.1",
        "tiny-warning": "^1.0.2"
      }
    },
    "jss-plugin-props-sort": {
      "version": "10.1.1",
      "resolved": "https://registry.npmjs.org/jss-plugin-props-sort/-/jss-plugin-props-sort-10.1.1.tgz",
      "integrity": "sha512-g/joK3eTDZB4pkqpZB38257yD4LXB0X15jxtZAGbUzcKAVUHPl9Jb47Y7lYmiGsShiV4YmQRqG1p2DHMYoK91g==",
      "requires": {
        "@babel/runtime": "^7.3.1",
        "jss": "10.1.1"
      }
    },
    "jss-plugin-rule-value-function": {
      "version": "10.1.1",
      "resolved": "https://registry.npmjs.org/jss-plugin-rule-value-function/-/jss-plugin-rule-value-function-10.1.1.tgz",
      "integrity": "sha512-ClV1lvJ3laU9la1CUzaDugEcwnpjPTuJ0yGy2YtcU+gG/w9HMInD5vEv7xKAz53Bk4WiJm5uLOElSEshHyhKNw==",
      "requires": {
        "@babel/runtime": "^7.3.1",
        "jss": "10.1.1"
      }
    },
    "jss-plugin-vendor-prefixer": {
      "version": "10.1.1",
      "resolved": "https://registry.npmjs.org/jss-plugin-vendor-prefixer/-/jss-plugin-vendor-prefixer-10.1.1.tgz",
      "integrity": "sha512-09MZpQ6onQrhaVSF6GHC4iYifQ7+4YC/tAP6D4ZWeZotvCMq1mHLqNKRIaqQ2lkgANjlEot2JnVi1ktu4+L4pw==",
      "requires": {
        "@babel/runtime": "^7.3.1",
        "css-vendor": "^2.0.7",
        "jss": "10.1.1"
      }
    },
    "lodash.clonedeep": {
      "version": "4.5.0",
      "resolved": "https://registry.npmjs.org/lodash.clonedeep/-/lodash.clonedeep-4.5.0.tgz",
      "integrity": "sha1-4j8/nE+Pvd6HJSnBBxhXoIblzO8="
    },
    "lodash.debounce": {
      "version": "4.0.8",
      "resolved": "https://registry.npmjs.org/lodash.debounce/-/lodash.debounce-4.0.8.tgz",
      "integrity": "sha1-gteb/zCmfEAF/9XiUVMArZyk168="
    },
    "loose-envify": {
      "version": "1.4.0",
      "resolved": "https://registry.npmjs.org/loose-envify/-/loose-envify-1.4.0.tgz",
      "integrity": "sha512-lyuxPGr/Wfhrlem2CL/UcnUc1zcqKAImBDzukY7Y5F/yQiNdko6+fRLevlw1HgMySw7f611UIY408EtxRSoK3Q==",
      "requires": {
        "js-tokens": "^3.0.0 || ^4.0.0"
      }
    },
    "material-ui-icons": {
      "version": "1.0.0-beta.36",
      "resolved": "https://registry.npmjs.org/material-ui-icons/-/material-ui-icons-1.0.0-beta.36.tgz",
      "integrity": "sha512-7rS6b2EV5QXCB/gTi/Ac9Wbxd+h9EZv1Td3rLLJe4IER8mVHRgdqZccB3EsjW2DrJ7opdY1+8X3/vyrS7CQNpg==",
      "requires": {
        "recompose": "^0.26.0"
      }
    },
    "nanoid": {
      "version": "3.3.4",
      "resolved": "https://registry.npmjs.org/nanoid/-/nanoid-3.3.4.tgz",
      "integrity": "sha512-MqBkQh/OHTS2egovRtLk45wEyNXwF+cokD+1YPf9u5VfJiRdAiRwB2froX5Co9Rh20xs4siNPm8naNotSD6RBw=="
    },
    "next": {
      "version": "13.0.4",
      "resolved": "https://registry.npmjs.org/next/-/next-13.0.4.tgz",
      "integrity": "sha512-4P0MvbjPCI1E/UPL1GrTXtYlgFnbBbY3JQ+AMY8jYE2SwyvCWctEJySoRjveznAHjrl6TIjuAJeB8u1c2StYUQ==",
      "requires": {
        "@next/env": "13.0.4",
        "@next/swc-android-arm-eabi": "13.0.4",
        "@next/swc-android-arm64": "13.0.4",
        "@next/swc-darwin-arm64": "13.0.4",
        "@next/swc-darwin-x64": "13.0.4",
        "@next/swc-freebsd-x64": "13.0.4",
        "@next/swc-linux-arm-gnueabihf": "13.0.4",
        "@next/swc-linux-arm64-gnu": "13.0.4",
        "@next/swc-linux-arm64-musl": "13.0.4",
        "@next/swc-linux-x64-gnu": "13.0.4",
        "@next/swc-linux-x64-musl": "13.0.4",
        "@next/swc-win32-arm64-msvc": "13.0.4",
        "@next/swc-win32-ia32-msvc": "13.0.4",
        "@next/swc-win32-x64-msvc": "13.0.4",
        "@swc/helpers": "0.4.11",
        "caniuse-lite": "^1.0.30001406",
        "postcss": "8.4.14",
        "styled-jsx": "5.1.0",
        "use-sync-external-store": "1.2.0"
      }
    },
    "object-assign": {
      "version": "4.1.1",
      "resolved": "https://registry.npmjs.org/object-assign/-/object-assign-4.1.1.tgz",
      "integrity": "sha1-IQmtx5ZYh8/AXLvUQsrIv7s2CGM="
    },
    "object-inspect": {
      "version": "1.7.0",
      "resolved": "https://registry.npmjs.org/object-inspect/-/object-inspect-1.7.0.tgz",
      "integrity": "sha512-a7pEHdh1xKIAgTySUGgLMx/xwDZskN1Ud6egYYN3EdRW4ZMPNEDUTF+hwy2LUC+Bl+SyLXANnwz/jyh/qutKUw=="
    },
    "object-is": {
      "version": "1.1.2",
      "resolved": "https://registry.npmjs.org/object-is/-/object-is-1.1.2.tgz",
      "integrity": "sha512-5lHCz+0uufF6wZ7CRFWJN3hp8Jqblpgve06U5CMQ3f//6iDjPr2PEo9MWCjEssDsa+UZEL4PkFpr+BMop6aKzQ==",
      "requires": {
        "define-properties": "^1.1.3",
        "es-abstract": "^1.17.5"
      }
    },
    "object-keys": {
      "version": "1.1.1",
      "resolved": "https://registry.npmjs.org/object-keys/-/object-keys-1.1.1.tgz",
      "integrity": "sha512-NuAESUOUMrlIXOfHKzD6bpPu3tYt3xvjNdRIQ+FeT0lNb4K8WR70CaDxhuNguS2XG+GjkyMwOzsN5ZktImfhLA=="
    },
    "object.assign": {
      "version": "4.1.0",
      "resolved": "https://registry.npmjs.org/object.assign/-/object.assign-4.1.0.tgz",
      "integrity": "sha512-exHJeq6kBKj58mqGyTQ9DFvrZC/eR6OwxzoM9YRoGBqrXYonaFyGiFMuc9VZrXf7DarreEwMpurG3dd+CNyW5w==",
      "requires": {
        "define-properties": "^1.1.2",
        "function-bind": "^1.1.1",
        "has-symbols": "^1.0.0",
        "object-keys": "^1.0.11"
      }
    },
    "object.entries": {
      "version": "1.1.2",
      "resolved": "https://registry.npmjs.org/object.entries/-/object.entries-1.1.2.tgz",
      "integrity": "sha512-BQdB9qKmb/HyNdMNWVr7O3+z5MUIx3aiegEIJqjMBbBf0YT9RRxTJSim4mzFqtyr7PDAHigq0N9dO0m0tRakQA==",
      "requires": {
        "define-properties": "^1.1.3",
        "es-abstract": "^1.17.5",
        "has": "^1.0.3"
      }
    },
    "object.fromentries": {
      "version": "2.0.2",
      "resolved": "https://registry.npmjs.org/object.fromentries/-/object.fromentries-2.0.2.tgz",
      "integrity": "sha512-r3ZiBH7MQppDJVLx6fhD618GKNG40CZYH9wgwdhKxBDDbQgjeWGGd4AtkZad84d291YxvWe7bJGuE65Anh0dxQ==",
      "requires": {
        "define-properties": "^1.1.3",
        "es-abstract": "^1.17.0-next.1",
        "function-bind": "^1.1.1",
        "has": "^1.0.3"
      }
    },
    "object.values": {
      "version": "1.1.1",
      "resolved": "https://registry.npmjs.org/object.values/-/object.values-1.1.1.tgz",
      "integrity": "sha512-WTa54g2K8iu0kmS/us18jEmdv1a4Wi//BZ/DTVYEcH0XhLM5NYdpDHja3gt57VrZLcNAO2WGA+KpWsDBaHt6eA==",
      "requires": {
        "define-properties": "^1.1.3",
        "es-abstract": "^1.17.0-next.1",
        "function-bind": "^1.1.1",
        "has": "^1.0.3"
      }
    },
    "picocolors": {
      "version": "1.0.0",
      "resolved": "https://registry.npmjs.org/picocolors/-/picocolors-1.0.0.tgz",
      "integrity": "sha512-1fygroTLlHu66zi26VoTDv8yRgm0Fccecssto+MhsZ0D/DGW2sm8E8AjW7NU5VVTRt5GxbeZ5qBuJr+HyLYkjQ=="
    },
    "popper.js": {
      "version": "1.16.1",
      "resolved": "https://registry.npmjs.org/popper.js/-/popper.js-1.16.1.tgz",
      "integrity": "sha512-Wb4p1J4zyFTbM+u6WuO4XstYx4Ky9Cewe4DWrel7B0w6VVICvPwdOpotjzcf6eD8TsckVnIMNONQyPIUFOUbCQ=="
    },
    "postcss": {
      "version": "8.4.14",
      "resolved": "https://registry.npmjs.org/postcss/-/postcss-8.4.14.tgz",
      "integrity": "sha512-E398TUmfAYFPBSdzgeieK2Y1+1cpdxJx8yXbK/m57nRhKSmk1GB2tO4lbLBtlkfPQTDKfe4Xqv1ASWPpayPEig==",
      "requires": {
        "nanoid": "^3.3.4",
        "picocolors": "^1.0.0",
        "source-map-js": "^1.0.2"
      }
    },
    "promise": {
      "version": "7.3.1",
      "resolved": "https://registry.npmjs.org/promise/-/promise-7.3.1.tgz",
      "integrity": "sha512-nolQXZ/4L+bP/UGlkfaIujX9BKxGwmQ9OT4mOt5yvy8iK1h3wqTEJCijzGANTCCl9nWjY41juyAn2K3Q1hLLTg==",
      "requires": {
        "asap": "~2.0.3"
      }
    },
    "prop-types": {
      "version": "15.7.2",
      "resolved": "https://registry.npmjs.org/prop-types/-/prop-types-15.7.2.tgz",
      "integrity": "sha512-8QQikdH7//R2vurIJSutZ1smHYTcLpRWEOlHnzcWHmBYrOGUysKwSsrC89BCiFj3CbrfJ/nXFdJepOVrY1GCHQ==",
      "requires": {
        "loose-envify": "^1.4.0",
        "object-assign": "^4.1.1",
        "react-is": "^16.8.1"
      }
    },
    "prop-types-exact": {
      "version": "1.2.0",
      "resolved": "https://registry.npmjs.org/prop-types-exact/-/prop-types-exact-1.2.0.tgz",
      "integrity": "sha512-K+Tk3Kd9V0odiXFP9fwDHUYRyvK3Nun3GVyPapSIs5OBkITAm15W0CPFD/YKTkMUAbc0b9CUwRQp2ybiBIq+eA==",
      "requires": {
        "has": "^1.0.3",
        "object.assign": "^4.1.0",
        "reflect.ownkeys": "^0.2.0"
      }
    },
    "query-selector": {
      "version": "1.0.9",
      "resolved": "https://registry.npmjs.org/query-selector/-/query-selector-1.0.9.tgz",
      "integrity": "sha1-kX/TG3N5tT/UQeU2r2R1UuAefp4="
    },
    "react": {
      "version": "16.13.1",
      "resolved": "https://registry.npmjs.org/react/-/react-16.13.1.tgz",
      "integrity": "sha512-YMZQQq32xHLX0bz5Mnibv1/LHb3Sqzngu7xstSM+vrkE5Kzr9xE0yMByK5kMoTK30YVJE61WfbxIFFvfeDKT1w==",
      "requires": {
        "loose-envify": "^1.1.0",
        "object-assign": "^4.1.1",
        "prop-types": "^15.6.2"
      }
    },
    "react-d3-cloud": {
      "version": "0.7.0",
      "resolved": "https://registry.npmjs.org/react-d3-cloud/-/react-d3-cloud-0.7.0.tgz",
      "integrity": "sha512-Zx8WaHDLFqnwvo2JXwFOOzPMJiPWxmJrVfh7qS9b6Y0ltsy9G8taDBgAk3jDOYNxe32akbIIqWIJwuICES2XEw==",
      "requires": {
        "d3-cloud": "^1.2.5",
        "d3-scale": "^2.1.2",
        "d3-scale-chromatic": "^1.3.3",
        "d3-selection": "^1.3.2",
        "enzyme-adapter-react-16": "^1.6.0",
        "react-faux-dom": "^4.2.0"
      },
      "dependencies": {
        "d3-array": {
          "version": "1.2.4",
          "resolved": "https://registry.npmjs.org/d3-array/-/d3-array-1.2.4.tgz",
          "integrity": "sha512-KHW6M86R+FUPYGb3R5XiYjXPq7VzwxZ22buHhAEVG5ztoEcZZMLov530mmccaqA1GghZArjQV46fuc8kUqhhHw=="
        },
        "d3-scale": {
          "version": "2.2.2",
          "resolved": "https://registry.npmjs.org/d3-scale/-/d3-scale-2.2.2.tgz",
          "integrity": "sha512-LbeEvGgIb8UMcAa0EATLNX0lelKWGYDQiPdHj+gLblGVhGLyNbaCn3EvrJf0A3Y/uOOU5aD6MTh5ZFCdEwGiCw==",
          "requires": {
            "d3-array": "^1.2.0",
            "d3-collection": "1",
            "d3-format": "1",
            "d3-interpolate": "1",
            "d3-time": "1",
            "d3-time-format": "2"
          }
        }
      }
    },
    "react-dom": {
      "version": "16.13.1",
      "resolved": "https://registry.npmjs.org/react-dom/-/react-dom-16.13.1.tgz",
      "integrity": "sha512-81PIMmVLnCNLO/fFOQxdQkvEq/+Hfpv24XNJfpyZhTRfO0QcmQIF/PgCa1zCOj2w1hrn12MFLyaJ/G0+Mxtfag==",
      "requires": {
        "loose-envify": "^1.1.0",
        "object-assign": "^4.1.1",
        "prop-types": "^15.6.2",
        "scheduler": "^0.19.1"
      }
    },
    "react-faux-dom": {
      "version": "4.5.0",
      "resolved": "https://registry.npmjs.org/react-faux-dom/-/react-faux-dom-4.5.0.tgz",
      "integrity": "sha512-T03fyZw/He4EYPqQpK5KJ9BQXNNMMgUo5DiwWkFG5wlpMDuiiYc4Q8WfeODjl3g2S2OBqy3+0VUr44sZkqz2Sw==",
      "requires": {
        "create-react-class": "^15.6.3",
        "hoist-non-react-statics": "^3.3.0",
        "query-selector": "^1.0.9",
        "style-attr": "^1.0.1"
      }
    },
    "react-is": {
      "version": "16.13.1",
      "resolved": "https://registry.npmjs.org/react-is/-/react-is-16.13.1.tgz",
      "integrity": "sha512-24e6ynE2H+OKt4kqsOvNd8kBpV65zoxbA4BVsEOB3ARVWQki/DHzaUoC5KuON/BiccDaCCTZBuOcfZs70kR8bQ=="
    },
    "react-material-ui-carousel": {
      "version": "1.9.2",
      "resolved": "https://registry.npmjs.org/react-material-ui-carousel/-/react-material-ui-carousel-1.9.2.tgz",
      "integrity": "sha512-3oLn4SUfKjNodQmrgNgrz/spwQY7L03mKFsl3zF3C0mk5qb6CvMp8dxSRJSxaiP+yzJCne/7Ysq/Z4hpN83Xvw==",
      "requires": {
        "auto-bind": "^2.1.1",
        "react-swipeable": "^5.5.1"
      }
    },
    "react-swipeable": {
      "version": "5.5.1",
      "resolved": "https://registry.npmjs.org/react-swipeable/-/react-swipeable-5.5.1.tgz",
      "integrity": "sha512-EQObuU3Qg3JdX3WxOn5reZvOSCpU4fwpUAs+NlXSN3y+qtsO2r8VGkVnOQzmByt3BSYj9EWYdUOUfi7vaMdZZw==",
      "requires": {
        "prop-types": "^15.6.2"
      }
    },
    "react-test-renderer": {
      "version": "16.13.1",
      "resolved": "https://registry.npmjs.org/react-test-renderer/-/react-test-renderer-16.13.1.tgz",
      "integrity": "sha512-Sn2VRyOK2YJJldOqoh8Tn/lWQ+ZiKhyZTPtaO0Q6yNj+QDbmRkVFap6pZPy3YQk8DScRDfyqm/KxKYP9gCMRiQ==",
      "requires": {
        "object-assign": "^4.1.1",
        "prop-types": "^15.6.2",
        "react-is": "^16.8.6",
        "scheduler": "^0.19.1"
      }
    },
    "react-transition-group": {
      "version": "4.4.1",
      "resolved": "https://registry.npmjs.org/react-transition-group/-/react-transition-group-4.4.1.tgz",
      "integrity": "sha512-Djqr7OQ2aPUiYurhPalTrVy9ddmFCCzwhqQmtN+J3+3DzLO209Fdr70QrN8Z3DsglWql6iY1lDWAfpFiBtuKGw==",
      "requires": {
        "@babel/runtime": "^7.5.5",
        "dom-helpers": "^5.0.1",
        "loose-envify": "^1.4.0",
        "prop-types": "^15.6.2"
      }
    },
    "react-wordcloud": {
      "version": "1.2.3",
      "resolved": "https://registry.npmjs.org/react-wordcloud/-/react-wordcloud-1.2.3.tgz",
      "integrity": "sha512-pRanqs6w6O0uFisG7KRP7qzs0ae4nYABZ//f8HDKMgZbnN/s7xz7I8zGk843kGdCNUD3/rh7xqC0gNv9/t89LQ==",
      "requires": {
        "d3-array": "^2.4.0",
        "d3-cloud": "^1.2.5",
        "d3-dispatch": "^1.0.6",
        "d3-scale": "^3.2.1",
        "d3-scale-chromatic": "^1.5.0",
        "d3-selection": "1.4.1",
        "d3-transition": "^1.3.2",
        "lodash.clonedeep": "^4.5.0",
        "lodash.debounce": "^4.0.8",
        "resize-observer-polyfill": "^1.5.1",
        "seedrandom": "^3.0.5",
        "tippy.js": "^6.2.0"
      }
    },
    "recompose": {
      "version": "0.26.0",
      "resolved": "https://registry.npmjs.org/recompose/-/recompose-0.26.0.tgz",
      "integrity": "sha512-KwOu6ztO0mN5vy3+zDcc45lgnaUoaQse/a5yLVqtzTK13czSWnFGmXbQVmnoMgDkI5POd1EwIKSbjU1V7xdZog==",
      "requires": {
        "change-emitter": "^0.1.2",
        "fbjs": "^0.8.1",
        "hoist-non-react-statics": "^2.3.1",
        "symbol-observable": "^1.0.4"
      },
      "dependencies": {
        "hoist-non-react-statics": {
          "version": "2.5.5",
          "resolved": "https://registry.npmjs.org/hoist-non-react-statics/-/hoist-non-react-statics-2.5.5.tgz",
          "integrity": "sha512-rqcy4pJo55FTTLWt+bU8ukscqHeE/e9KWvsOW2b/a3afxQZhwkQdT1rPPCJ0rYXdj4vNcasY8zHTH+jF/qStxw=="
        }
      }
    },
    "reflect.ownkeys": {
      "version": "0.2.0",
      "resolved": "https://registry.npmjs.org/reflect.ownkeys/-/reflect.ownkeys-0.2.0.tgz",
      "integrity": "sha1-dJrO7H8/34tj+SegSAnpDFwLNGA="
    },
    "regenerator-runtime": {
      "version": "0.13.5",
      "resolved": "https://registry.npmjs.org/regenerator-runtime/-/regenerator-runtime-0.13.5.tgz",
      "integrity": "sha512-ZS5w8CpKFinUzOwW3c83oPeVXoNsrLsaCoLtJvAClH135j/R77RuymhiSErhm2lKcwSCIpmvIWSbDkIfAqKQlA=="
    },
    "resize-observer-polyfill": {
      "version": "1.5.1",
      "resolved": "https://registry.npmjs.org/resize-observer-polyfill/-/resize-observer-polyfill-1.5.1.tgz",
      "integrity": "sha512-LwZrotdHOo12nQuZlHEmtuXdqGoOD0OhaxopaNFxWzInpEgaLWoVuAMbTzixuosCx2nEG58ngzW3vxdWoxIgdg=="
    },
    "safer-buffer": {
      "version": "2.1.2",
      "resolved": "https://registry.npmjs.org/safer-buffer/-/safer-buffer-2.1.2.tgz",
      "integrity": "sha512-YZo3K82SD7Riyi0E1EQPojLz7kpepnSQI9IyPbHHg1XXXevb5dJI7tpyN2ADxGcQbHG7vcyRHk0cbwqcQriUtg=="
    },
    "scheduler": {
      "version": "0.19.1",
      "resolved": "https://registry.npmjs.org/scheduler/-/scheduler-0.19.1.tgz",
      "integrity": "sha512-n/zwRWRYSUj0/3g/otKDRPMh6qv2SYMWNq85IEa8iZyAv8od9zDYpGSnpBEjNgcMNq6Scbu5KfIPxNF72R/2EA==",
      "requires": {
        "loose-envify": "^1.1.0",
        "object-assign": "^4.1.1"
      }
    },
    "seedrandom": {
      "version": "3.0.5",
      "resolved": "https://registry.npmjs.org/seedrandom/-/seedrandom-3.0.5.tgz",
      "integrity": "sha512-8OwmbklUNzwezjGInmZ+2clQmExQPvomqjL7LFqOYqtmuxRgQYqOD3mHaU+MvZn5FLUeVxVfQjwLZW/n/JFuqg=="
    },
    "semver": {
      "version": "5.7.1",
      "resolved": "https://registry.npmjs.org/semver/-/semver-5.7.1.tgz",
      "integrity": "sha512-sauaDf/PZdVgrLTNYHRtpXa1iRiKcaebiKQ1BJdpQlWH2lCvexQdX55snPFyK7QzpudqbCI0qXFfOasHdyNDGQ=="
    },
    "setimmediate": {
      "version": "1.0.5",
      "resolved": "https://registry.npmjs.org/setimmediate/-/setimmediate-1.0.5.tgz",
      "integrity": "sha1-KQy7Iy4waULX1+qbg3Mqt4VvgoU="
    },
    "source-map-js": {
      "version": "1.0.2",
      "resolved": "https://registry.npmjs.org/source-map-js/-/source-map-js-1.0.2.tgz",
      "integrity": "sha512-R0XvVJ9WusLiqTCEiGCmICCMplcCkIwwR11mOSD9CR5u+IXYdiseeEuXCVAjS54zqwkLcPNnmU4OeJ6tUrWhDw=="
    },
    "string.prototype.trimend": {
      "version": "1.0.1",
      "resolved": "https://registry.npmjs.org/string.prototype.trimend/-/string.prototype.trimend-1.0.1.tgz",
      "integrity": "sha512-LRPxFUaTtpqYsTeNKaFOw3R4bxIzWOnbQ837QfBylo8jIxtcbK/A/sMV7Q+OAV/vWo+7s25pOE10KYSjaSO06g==",
      "requires": {
        "define-properties": "^1.1.3",
        "es-abstract": "^1.17.5"
      }
    },
    "string.prototype.trimleft": {
      "version": "2.1.2",
      "resolved": "https://registry.npmjs.org/string.prototype.trimleft/-/string.prototype.trimleft-2.1.2.tgz",
      "integrity": "sha512-gCA0tza1JBvqr3bfAIFJGqfdRTyPae82+KTnm3coDXkZN9wnuW3HjGgN386D7hfv5CHQYCI022/rJPVlqXyHSw==",
      "requires": {
        "define-properties": "^1.1.3",
        "es-abstract": "^1.17.5",
        "string.prototype.trimstart": "^1.0.0"
      }
    },
    "string.prototype.trimright": {
      "version": "2.1.2",
      "resolved": "https://registry.npmjs.org/string.prototype.trimright/-/string.prototype.trimright-2.1.2.tgz",
      "integrity": "sha512-ZNRQ7sY3KroTaYjRS6EbNiiHrOkjihL9aQE/8gfQ4DtAC/aEBRHFJa44OmoWxGGqXuJlfKkZW4WcXErGr+9ZFg==",
      "requires": {
        "define-properties": "^1.1.3",
        "es-abstract": "^1.17.5",
        "string.prototype.trimend": "^1.0.0"
      }
    },
    "string.prototype.trimstart": {
      "version": "1.0.1",
      "resolved": "https://registry.npmjs.org/string.prototype.trimstart/-/string.prototype.trimstart-1.0.1.tgz",
      "integrity": "sha512-XxZn+QpvrBI1FOcg6dIpxUPgWCPuNXvMD72aaRaUQv1eD4e/Qy8i/hFTe0BUmD60p/QA6bh1avmuPTfNjqVWRw==",
      "requires": {
        "define-properties": "^1.1.3",
        "es-abstract": "^1.17.5"
      }
    },
    "style-attr": {
      "version": "1.3.0",
      "resolved": "https://registry.npmjs.org/style-attr/-/style-attr-1.3.0.tgz",
      "integrity": "sha512-srFr54gzEZoy73WgYfnbxCAtNCzF0Hn5RGzK7gi/0G6ttZd9v3WZFGY4ed5ABr43dbGjPNr4T46geUxxUP9i6w=="
    },
    "styled-jsx": {
      "version": "5.1.0",
      "resolved": "https://registry.npmjs.org/styled-jsx/-/styled-jsx-5.1.0.tgz",
      "integrity": "sha512-/iHaRJt9U7T+5tp6TRelLnqBqiaIT0HsO0+vgyj8hK2KUk7aejFqRrumqPUlAqDwAj8IbS/1hk3IhBAAK/FCUQ==",
      "requires": {
        "client-only": "0.0.1"
      }
    },
    "symbol-observable": {
      "version": "1.2.0",
      "resolved": "https://registry.npmjs.org/symbol-observable/-/symbol-observable-1.2.0.tgz",
      "integrity": "sha512-e900nM8RRtGhlV36KGEU9k65K3mPb1WV70OdjfxlG2EAuM1noi/E/BaW/uMhL7bPEssK8QV57vN3esixjUvcXQ=="
    },
    "tiny-warning": {
      "version": "1.0.3",
      "resolved": "https://registry.npmjs.org/tiny-warning/-/tiny-warning-1.0.3.tgz",
      "integrity": "sha512-lBN9zLN/oAf68o3zNXYrdCt1kP8WsiGW8Oo2ka41b2IM5JL/S1CTyX1rW0mb/zSuJun0ZUrDxx4sqvYS2FWzPA=="
    },
    "tippy.js": {
      "version": "6.2.3",
      "resolved": "https://registry.npmjs.org/tippy.js/-/tippy.js-6.2.3.tgz",
      "integrity": "sha512-MzqHMrr2C0IC8ZUnG5kLQPxonWJ7V+Usqiy2W5b+dCvAfousio0mA85h+Ea5wRq94AQGd8mbFGeciRgkP+F+7w==",
      "requires": {
        "@popperjs/core": "^2.3.2"
      }
    },
    "tslib": {
      "version": "2.4.1",
      "resolved": "https://registry.npmjs.org/tslib/-/tslib-2.4.1.tgz",
      "integrity": "sha512-tGyy4dAjRIEwI7BzsB0lynWgOpfqjUdq91XXAlIWD2OwKBH7oCl/GZG/HT4BOHrTlPMOASlMQ7veyTqpmRcrNA=="
    },
    "typeface-roboto": {
      "version": "0.0.75",
      "resolved": "https://registry.npmjs.org/typeface-roboto/-/typeface-roboto-0.0.75.tgz",
      "integrity": "sha512-VrR/IiH00Z1tFP4vDGfwZ1esNqTiDMchBEXYY9kilT6wRGgFoCAlgkEUMHb1E3mB0FsfZhv756IF0+R+SFPfdg=="
    },
    "ua-parser-js": {
      "version": "0.7.21",
      "resolved": "https://registry.npmjs.org/ua-parser-js/-/ua-parser-js-0.7.21.tgz",
      "integrity": "sha512-+O8/qh/Qj8CgC6eYBVBykMrNtp5Gebn4dlGD/kKXVkJNDwyrAwSIqwz8CDf+tsAIWVycKcku6gIXJ0qwx/ZXaQ=="
    },
    "use-sync-external-store": {
      "version": "1.2.0",
      "resolved": "https://registry.npmjs.org/use-sync-external-store/-/use-sync-external-store-1.2.0.tgz",
      "integrity": "sha512-eEgnFxGQ1Ife9bzYs6VLi8/4X6CObHMw9Qr9tPY43iKwsPw8xE8+EFsf/2cFZ5S3esXgpWgtSCtLNS41F+sKPA=="
    },
    "whatwg-fetch": {
      "version": "3.0.0",
      "resolved": "https://registry.npmjs.org/whatwg-fetch/-/whatwg-fetch-3.0.0.tgz",
      "integrity": "sha512-9GSJUgz1D4MfyKU7KRqwOjXCXTqWdFNvEr7eUBYchQiVc744mqK/MzXPNR2WsPkmkOa4ywfg8C2n8h+13Bey1Q=="
    }
  }
}
